
Microsoft Visual Studio Solution File, Format Version 12.00
# Visual Studio Version 16
VisualStudioVersion = 16.0.29025.244
MinimumVisualStudioVersion = 10.0.40219.1
Project("{FAE04EC0-301F-11D3-BF4B-00C04F79EFBC}") = "WebApplication1", "WebApplication1.csproj", "{954AB1EA-FAC2-4E92-A507-7562048B0D01}"
EndProject
Global
	GlobalSection(SolutionConfigurationPlatforms) = preSolution
		Debug|Any CPU = Debug|Any CPU
		Release|Any CPU = Release|Any CPU
	EndGlobalSection
	GlobalSection(ProjectConfigurationPlatforms) = postSolution
		{954AB1EA-FAC2-4E92-A507-7562048B0D01}.Debug|Any CPU.ActiveCfg = Debug|Any CPU
		{954AB1EA-FAC2-4E92-A507-7562048B0D01}.Debug|Any CPU.Build.0 = Debug|Any CPU
		{954AB1EA-FAC2-4E92-A507-7562048B0D01}.Release|Any CPU.ActiveCfg = Release|Any CPU
		{954AB1EA-FAC2-4E92-A507-7562048B0D01}.Release|Any CPU.Build.0 = Release|Any CPU
	EndGlobalSection
	GlobalSection(SolutionProperties) = preSolution
		HideSolutionNode = FALSE
	EndGlobalSection
	GlobalSection(ExtensibilityGlobals) = postSolution
		SolutionGuid = {5D4C1296-CDB3-4AFC-8484-D85E49BC2D85}
	EndGlobalSection
EndGlobal
